
Microsoft Visual Studio Solution File, Format Version 12.00
# Visual Studio Version 17
VisualStudioVersion = 17.14.36221.1
MinimumVisualStudioVersion = 10.0.40219.1
Project("{FAE04EC0-301F-11D3-BF4B-00C04F79EFBC}") = "API", "API\API.csproj", "{88D9FDDF-1AAB-462A-83CF-B7912B1EE462}"
EndProject
Project("{FAE04EC0-301F-11D3-BF4B-00C04F79EFBC}") = "Domain", "Domain\Domain.csproj", "{6DE0DF78-8495-4C91-BA23-52FEF20D4893}"
EndProject
Project("{FAE04EC0-301F-11D3-BF4B-00C04F79EFBC}") = "Application", "Application\Application.csproj", "{9E4E90B5-7988-4FED-814A-97B87E7FE305}"
EndProject
Project("{FAE04EC0-301F-11D3-BF4B-00C04F79EFBC}") = "Presentation", "Presentation\Presentation.csproj", "{7A14F20A-DE1D-4638-AA4E-E48E9AA0E321}"
EndProject
Project("{FAE04EC0-301F-11D3-BF4B-00C04F79EFBC}") = "Infrastructure", "Infrastructure\Infrastructure.csproj", "{0A7956B3-716F-417E-A2F1-EC01B5AFB2E3}"
EndProject
Project("{2150E333-8FDC-42A3-9474-1A3956D46DE8}") = "src", "src", "{02EA681E-C7D8-13C7-8484-4AC65E1B71E8}"
EndProject
Project("{2150E333-8FDC-42A3-9474-1A3956D46DE8}") = "Core", "Core", "{DECBC05C-4F50-4464-BDF0-1537438068E3}"
EndProject
Project("{2150E333-8FDC-42A3-9474-1A3956D46DE8}") = "External", "External", "{190519D5-F19E-4512-8D0F-3E2BECFFC8F0}"
EndProject
Global
	GlobalSection(SolutionConfigurationPlatforms) = preSolution
		Debug|Any CPU = Debug|Any CPU
		Release|Any CPU = Release|Any CPU
	EndGlobalSection
	GlobalSection(ProjectConfigurationPlatforms) = postSolution
		{88D9FDDF-1AAB-462A-83CF-B7912B1EE462}.Debug|Any CPU.ActiveCfg = Debug|Any CPU
		{88D9FDDF-1AAB-462A-83CF-B7912B1EE462}.Debug|Any CPU.Build.0 = Debug|Any CPU
		{88D9FDDF-1AAB-462A-83CF-B7912B1EE462}.Release|Any CPU.ActiveCfg = Release|Any CPU
		{88D9FDDF-1AAB-462A-83CF-B7912B1EE462}.Release|Any CPU.Build.0 = Release|Any CPU
		{6DE0DF78-8495-4C91-BA23-52FEF20D4893}.Debug|Any CPU.ActiveCfg = Debug|Any CPU
		{6DE0DF78-8495-4C91-BA23-52FEF20D4893}.Debug|Any CPU.Build.0 = Debug|Any CPU
		{6DE0DF78-8495-4C91-BA23-52FEF20D4893}.Release|Any CPU.ActiveCfg = Release|Any CPU
		{6DE0DF78-8495-4C91-BA23-52FEF20D4893}.Release|Any CPU.Build.0 = Release|Any CPU
		{9E4E90B5-7988-4FED-814A-97B87E7FE305}.Debug|Any CPU.ActiveCfg = Debug|Any CPU
		{9E4E90B5-7988-4FED-814A-97B87E7FE305}.Debug|Any CPU.Build.0 = Debug|Any CPU
		{9E4E90B5-7988-4FED-814A-97B87E7FE305}.Release|Any CPU.ActiveCfg = Release|Any CPU
		{9E4E90B5-7988-4FED-814A-97B87E7FE305}.Release|Any CPU.Build.0 = Release|Any CPU
		{7A14F20A-DE1D-4638-AA4E-E48E9AA0E321}.Debug|Any CPU.ActiveCfg = Debug|Any CPU
		{7A14F20A-DE1D-4638-AA4E-E48E9AA0E321}.Debug|Any CPU.Build.0 = Debug|Any CPU
		{7A14F20A-DE1D-4638-AA4E-E48E9AA0E321}.Release|Any CPU.ActiveCfg = Release|Any CPU
		{7A14F20A-DE1D-4638-AA4E-E48E9AA0E321}.Release|Any CPU.Build.0 = Release|Any CPU
		{0A7956B3-716F-417E-A2F1-EC01B5AFB2E3}.Debug|Any CPU.ActiveCfg = Debug|Any CPU
		{0A7956B3-716F-417E-A2F1-EC01B5AFB2E3}.Debug|Any CPU.Build.0 = Debug|Any CPU
		{0A7956B3-716F-417E-A2F1-EC01B5AFB2E3}.Release|Any CPU.ActiveCfg = Release|Any CPU
		{0A7956B3-716F-417E-A2F1-EC01B5AFB2E3}.Release|Any CPU.Build.0 = Release|Any CPU
	EndGlobalSection
	GlobalSection(SolutionProperties) = preSolution
		HideSolutionNode = FALSE
	EndGlobalSection
	GlobalSection(NestedProjects) = preSolution
		{6DE0DF78-8495-4C91-BA23-52FEF20D4893} = {DECBC05C-4F50-4464-BDF0-1537438068E3}
		{9E4E90B5-7988-4FED-814A-97B87E7FE305} = {DECBC05C-4F50-4464-BDF0-1537438068E3}
		{7A14F20A-DE1D-4638-AA4E-E48E9AA0E321} = {190519D5-F19E-4512-8D0F-3E2BECFFC8F0}
		{0A7956B3-716F-417E-A2F1-EC01B5AFB2E3} = {190519D5-F19E-4512-8D0F-3E2BECFFC8F0}
		{DECBC05C-4F50-4464-BDF0-1537438068E3} = {02EA681E-C7D8-13C7-8484-4AC65E1B71E8}
		{190519D5-F19E-4512-8D0F-3E2BECFFC8F0} = {02EA681E-C7D8-13C7-8484-4AC65E1B71E8}
	EndGlobalSection
	GlobalSection(ExtensibilityGlobals) = postSolution
		SolutionGuid = {A703753C-A96C-420C-822C-26A6C1E355F2}
	EndGlobalSection
EndGlobal
